
Microsoft Visual Studio Solution File, Format Version 12.00
# Visual Studio 15
VisualStudioVersion = 15.0.27130.2026
MinimumVisualStudioVersion = 10.0.40219.1
Project("{888888A0-9F3D-457C-B088-3A5042F75D52}") = "simpleBlog", "simpleBlog.pyproj", "{8E712E5C-590D-4E68-A83C-9710A4A75201}"
EndProject
Global
	GlobalSection(SolutionConfigurationPlatforms) = preSolution
		Debug|Any CPU = Debug|Any CPU
		Release|Any CPU = Release|Any CPU
	EndGlobalSection
	GlobalSection(ProjectConfigurationPlatforms) = postSolution
		{8E712E5C-590D-4E68-A83C-9710A4A75201}.Debug|Any CPU.ActiveCfg = Debug|Any CPU
		{8E712E5C-590D-4E68-A83C-9710A4A75201}.Debug|Any CPU.Build.0 = Debug|Any CPU
		{8E712E5C-590D-4E68-A83C-9710A4A75201}.Release|Any CPU.ActiveCfg = Release|Any CPU
		{8E712E5C-590D-4E68-A83C-9710A4A75201}.Release|Any CPU.Build.0 = Release|Any CPU
	EndGlobalSection
	GlobalSection(SolutionProperties) = preSolution
		HideSolutionNode = FALSE
	EndGlobalSection
	GlobalSection(ExtensibilityGlobals) = postSolution
		SolutionGuid = {35B677B1-3288-4BEE-A499-7A9921B23EDF}
	EndGlobalSection
EndGlobal
